{
  "name": "vuejs-datepicker",
  "version": "0.9.11",
  "lockfileVersion": 1,
  "requires": true,
  "dependencies": {
    "vue-the-mask": {
      "version": "0.11.0-alpha.2",
      "resolved": "https://registry.npmjs.org/vue-the-mask/-/vue-the-mask-0.11.0-alpha.2.tgz",
      "integrity": "sha1-8RLLkzPktf7b/TUsCSu8gccGe+0=",
      "dev": true
    }
  }
}
